# This file is automatically @generated by Cargo.
# It is not intended for manual editing.
version = 4

[[package]]
name = "dba-trainer-application"
version = "0.1.0"
dependencies = [
 "dba-trainer-domain",
]

[[package]]
name = "dba-trainer-domain"
version = "0.1.0"

[[package]]
name = "dba-trainer-storage-sqlite"
version = "0.1.0"
dependencies = [
 "dba-trainer-application",
 "dba-trainer-domain",
]

[[package]]
name = "dba-trainer-tui"
version = "0.1.0"
dependencies = [
 "dba-trainer-application",
 "dba-trainer-storage-sqlite",
]
